
Microsoft Visual Studio Solution File, Format Version 12.00
# Visual Studio Version 17
VisualStudioVersion = 17.3.32811.315
MinimumVisualStudioVersion = 10.0.40219.1
Project("{FAE04EC0-301F-11D3-BF4B-00C04F79EFBC}") = "Cinematic", "Cinematic\Cinematic.csproj", "{E4D04512-24B1-49B9-9FFE-6E4C84F95607}"
EndProject
Project("{FAE04EC0-301F-11D3-BF4B-00C04F79EFBC}") = "CinematicLibrary", "CinematicLibrary\CinematicLibrary.csproj", "{1CBD2DF9-B07C-46E0-B7EE-4C6FB059CC8F}"
EndProject
Project("{FAE04EC0-301F-11D3-BF4B-00C04F79EFBC}") = "CinematiTest", "CinematiTest\CinematiTest.csproj", "{5F9D5BEA-FEF9-417D-B73E-25479B3E27ED}"
EndProject
Global
	GlobalSection(SolutionConfigurationPlatforms) = preSolution
		Debug|Any CPU = Debug|Any CPU
		Release|Any CPU = Release|Any CPU
	EndGlobalSection
	GlobalSection(ProjectConfigurationPlatforms) = postSolution
		{E4D04512-24B1-49B9-9FFE-6E4C84F95607}.Debug|Any CPU.ActiveCfg = Debug|Any CPU
		{E4D04512-24B1-49B9-9FFE-6E4C84F95607}.Debug|Any CPU.Build.0 = Debug|Any CPU
		{E4D04512-24B1-49B9-9FFE-6E4C84F95607}.Release|Any CPU.ActiveCfg = Release|Any CPU
		{E4D04512-24B1-49B9-9FFE-6E4C84F95607}.Release|Any CPU.Build.0 = Release|Any CPU
		{1CBD2DF9-B07C-46E0-B7EE-4C6FB059CC8F}.Debug|Any CPU.ActiveCfg = Debug|Any CPU
		{1CBD2DF9-B07C-46E0-B7EE-4C6FB059CC8F}.Debug|Any CPU.Build.0 = Debug|Any CPU
		{1CBD2DF9-B07C-46E0-B7EE-4C6FB059CC8F}.Release|Any CPU.ActiveCfg = Release|Any CPU
		{1CBD2DF9-B07C-46E0-B7EE-4C6FB059CC8F}.Release|Any CPU.Build.0 = Release|Any CPU
		{5F9D5BEA-FEF9-417D-B73E-25479B3E27ED}.Debug|Any CPU.ActiveCfg = Debug|Any CPU
		{5F9D5BEA-FEF9-417D-B73E-25479B3E27ED}.Debug|Any CPU.Build.0 = Debug|Any CPU
		{5F9D5BEA-FEF9-417D-B73E-25479B3E27ED}.Release|Any CPU.ActiveCfg = Release|Any CPU
		{5F9D5BEA-FEF9-417D-B73E-25479B3E27ED}.Release|Any CPU.Build.0 = Release|Any CPU
	EndGlobalSection
	GlobalSection(SolutionProperties) = preSolution
		HideSolutionNode = FALSE
	EndGlobalSection
	GlobalSection(ExtensibilityGlobals) = postSolution
		SolutionGuid = {CA0B78E9-8F9B-4267-BC98-F50110873FF2}
	EndGlobalSection
EndGlobal
