
Microsoft Visual Studio Solution File, Format Version 12.00
# Visual Studio Version 16
VisualStudioVersion = 25.0.1705.0
MinimumVisualStudioVersion = 10.0.40219.1
Project("{FAE04EC0-301F-11D3-BF4B-00C04F79EFBC}") = "Cinematic", "Cinematic\Cinematic.csproj", "{31451464-F874-4B71-A303-64F4C7F0BF71}"
EndProject
Project("{FAE04EC0-301F-11D3-BF4B-00C04F79EFBC}") = "CinematicTest", "CinematicTest\CinematicTest.csproj", "{6E75DD0F-05A6-4998-89D5-9A02258AFEB5}"
EndProject
Project("{FAE04EC0-301F-11D3-BF4B-00C04F79EFBC}") = "CinematicLogic", "CinematicLogic\CinematicLogic.csproj", "{5D623B08-8384-4173-A463-B7FDD5868F44}"
EndProject
Global
	GlobalSection(SolutionConfigurationPlatforms) = preSolution
		Debug|Any CPU = Debug|Any CPU
		Release|Any CPU = Release|Any CPU
	EndGlobalSection
	GlobalSection(ProjectConfigurationPlatforms) = postSolution
		{31451464-F874-4B71-A303-64F4C7F0BF71}.Debug|Any CPU.ActiveCfg = Debug|Any CPU
		{31451464-F874-4B71-A303-64F4C7F0BF71}.Debug|Any CPU.Build.0 = Debug|Any CPU
		{31451464-F874-4B71-A303-64F4C7F0BF71}.Release|Any CPU.ActiveCfg = Release|Any CPU
		{31451464-F874-4B71-A303-64F4C7F0BF71}.Release|Any CPU.Build.0 = Release|Any CPU
		{6E75DD0F-05A6-4998-89D5-9A02258AFEB5}.Debug|Any CPU.ActiveCfg = Debug|Any CPU
		{6E75DD0F-05A6-4998-89D5-9A02258AFEB5}.Debug|Any CPU.Build.0 = Debug|Any CPU
		{6E75DD0F-05A6-4998-89D5-9A02258AFEB5}.Release|Any CPU.ActiveCfg = Release|Any CPU
		{6E75DD0F-05A6-4998-89D5-9A02258AFEB5}.Release|Any CPU.Build.0 = Release|Any CPU
		{5D623B08-8384-4173-A463-B7FDD5868F44}.Debug|Any CPU.ActiveCfg = Debug|Any CPU
		{5D623B08-8384-4173-A463-B7FDD5868F44}.Debug|Any CPU.Build.0 = Debug|Any CPU
		{5D623B08-8384-4173-A463-B7FDD5868F44}.Release|Any CPU.ActiveCfg = Release|Any CPU
		{5D623B08-8384-4173-A463-B7FDD5868F44}.Release|Any CPU.Build.0 = Release|Any CPU
	EndGlobalSection
	GlobalSection(SolutionProperties) = preSolution
		HideSolutionNode = FALSE
	EndGlobalSection
	GlobalSection(ExtensibilityGlobals) = postSolution
		SolutionGuid = {6CBFDBD4-AEAF-4925-8158-282CB4A1C6DF}
	EndGlobalSection
EndGlobal
